
Microsoft Visual Studio Solution File, Format Version 12.00
Project("{FAE04EC0-301F-11D3-BF4B-00C04F79EFBC}") = "Todo", "Todo\Todo.csproj", "{461DDDFC-5D2D-48B1-861F-7098DB2C6CB0}"
EndProject
Project("{FAE04EC0-301F-11D3-BF4B-00C04F79EFBC}") = "Application", "Application\Application.csproj", "{A2B76180-B10D-400A-957A-C4DB5C8015B1}"
EndProject
Global
	GlobalSection(SolutionConfigurationPlatforms) = preSolution
		Debug|Any CPU = Debug|Any CPU
		Release|Any CPU = Release|Any CPU
	EndGlobalSection
	GlobalSection(ProjectConfigurationPlatforms) = postSolution
		{461DDDFC-5D2D-48B1-861F-7098DB2C6CB0}.Debug|Any CPU.ActiveCfg = Debug|Any CPU
		{461DDDFC-5D2D-48B1-861F-7098DB2C6CB0}.Debug|Any CPU.Build.0 = Debug|Any CPU
		{461DDDFC-5D2D-48B1-861F-7098DB2C6CB0}.Release|Any CPU.ActiveCfg = Release|Any CPU
		{461DDDFC-5D2D-48B1-861F-7098DB2C6CB0}.Release|Any CPU.Build.0 = Release|Any CPU
		{A2B76180-B10D-400A-957A-C4DB5C8015B1}.Debug|Any CPU.ActiveCfg = Debug|Any CPU
		{A2B76180-B10D-400A-957A-C4DB5C8015B1}.Debug|Any CPU.Build.0 = Debug|Any CPU
		{A2B76180-B10D-400A-957A-C4DB5C8015B1}.Release|Any CPU.ActiveCfg = Release|Any CPU
		{A2B76180-B10D-400A-957A-C4DB5C8015B1}.Release|Any CPU.Build.0 = Release|Any CPU
	EndGlobalSection
EndGlobal
